{
  "nodes": {
    "nixos-attest": {
      "inputs": {
        "nixpkgs": [
          "nixpkgs"
        ]
      },
      "locked": {
        "lastModified": 1611088730,
        "narHash": "sha256-t5bKQPJdmhAplxjVgA452mx1/SpKCBsfcqPE0u1Z5Mo=",
        "ref": "master",
        "rev": "0616e0944a93b3a801f2ac61cfa245803a6b623f",
        "revCount": 10,
        "type": "git",
        "url": "https://git.ins.jku.at/proj/digidow/nixos-attest.git"
      },
      "original": {
        "type": "git",
        "url": "https://git.ins.jku.at/proj/digidow/nixos-attest.git"
      }
    },
    "nixos-hardware": {
      "locked": {
        "lastModified": 1618410381,
        "narHash": "sha256-/HMmKDAOTqQ0mlL2xk7wgTmaLqDkZsyXBn/JO2+SQc8=",
        "owner": "NixOS",
        "repo": "nixos-hardware",
        "rev": "267d8b2d7f049d2cb9b7f4a7f981c123db19a868",
        "type": "github"
      },
      "original": {
        "owner": "NixOS",
        "ref": "master",
        "repo": "nixos-hardware",
        "type": "github"
      }
    },
    "nixpkgs": {
      "locked": {
        "lastModified": 1617929752,
        "narHash": "sha256-ji0nqJUZp2bfHvO0sKxD24cW6Nk7LyjbPPMxjbJHji0=",
        "owner": "NixOS",
        "repo": "nixpkgs",
        "rev": "6fc2b7ecc2a167ce6a6902d5417daf1fa5cac777",
        "type": "github"
      },
      "original": {
        "owner": "NixOS",
        "ref": "nixpkgs-unstable",
        "repo": "nixpkgs",
        "type": "github"
      }
    },
    "root": {
      "inputs": {
        "nixos-attest": "nixos-attest",
        "nixos-hardware": "nixos-hardware",
        "nixpkgs": "nixpkgs"
      }
    }
  },
  "root": "root",
  "version": 7
}
