{
  "nodes": {
    "androidPkgs": {
      "inputs": {
        "devshell": "devshell",
        "flake-utils": "flake-utils",
        "nixpkgs": "nixpkgs_3"
      },
      "locked": {
        "lastModified": 1638562808,
        "narHash": "sha256-nnGyBugMQo9WweTgpfPbJu0fHnRtxvsPQ9el2D3wPrY=",
        "owner": "tadfisher",
        "repo": "android-nixpkgs",
        "rev": "a191ab6adb019b09d3bb919bb98dca31d83519d5",
        "type": "github"
      },
      "original": {
        "owner": "tadfisher",
        "ref": "stable",
        "repo": "android-nixpkgs",
        "type": "github"
      }
    },
    "deploy-rs": {
      "inputs": {
        "flake-compat": "flake-compat",
        "nixpkgs": "nixpkgs",
        "utils": "utils"
      },
      "locked": {
        "lastModified": 1652079807,
        "narHash": "sha256-aCs1EwO9K2yJ1DcT4+4g7BMlJBWP7Xjs4k5i8ueR8PU=",
        "owner": "serokell",
        "repo": "deploy-rs",
        "rev": "690f698b18345d894784752b5fa93b9b8f3cc29f",
        "type": "github"
      },
      "original": {
        "owner": "serokell",
        "repo": "deploy-rs",
        "type": "github"
      }
    },
    "devshell": {
      "locked": {
        "lastModified": 1637575296,
        "narHash": "sha256-ZY8YR5u8aglZPe27+AJMnPTG6645WuavB+w0xmhTarw=",
        "owner": "numtide",
        "repo": "devshell",
        "rev": "0e56ef21ba1a717169953122c7415fa6a8cd2618",
        "type": "github"
      },
      "original": {
        "owner": "numtide",
        "repo": "devshell",
        "type": "github"
      }
    },
    "flake-compat": {
      "flake": false,
      "locked": {
        "lastModified": 1648199409,
        "narHash": "sha256-JwPKdC2PoVBkG6E+eWw3j6BMR6sL3COpYWfif7RVb8Y=",
        "owner": "edolstra",
        "repo": "flake-compat",
        "rev": "64a525ee38886ab9028e6f61790de0832aa3ef03",
        "type": "github"
      },
      "original": {
        "owner": "edolstra",
        "repo": "flake-compat",
        "type": "github"
      }
    },
    "flake-utils": {
      "locked": {
        "lastModified": 1638122382,
        "narHash": "sha256-sQzZzAbvKEqN9s0bzWuYmRaA03v40gaJ4+iL1LXjaeI=",
        "owner": "numtide",
        "repo": "flake-utils",
        "rev": "74f7e4319258e287b0f9cb95426c9853b282730b",
        "type": "github"
      },
      "original": {
        "owner": "numtide",
        "repo": "flake-utils",
        "type": "github"
      }
    },
    "home-manager": {
      "inputs": {
        "nixpkgs": [
          "nixpkgs"
        ]
      },
      "locked": {
        "lastModified": 1652214259,
        "narHash": "sha256-kbribVik1m3SU6QNpZ3euybljqs0CEQ0lEEz7MN+u8U=",
        "owner": "nix-community",
        "repo": "home-manager",
        "rev": "f735a8502b098962ae965c2600c7be9f7711b814",
        "type": "github"
      },
      "original": {
        "owner": "nix-community",
        "repo": "home-manager",
        "type": "github"
      }
    },
    "nixos-attest": {
      "inputs": {
        "nixpkgs": [
          "nixpkgs"
        ]
      },
      "locked": {
        "lastModified": 1631977982,
        "narHash": "sha256-si1iZJI9iTZRk8vR7mB5UA+HqQ1mVe7r6s+fKkBWCa0=",
        "ref": "master",
        "rev": "f30da946af7bc958d646a3742af8c011f74156c7",
        "revCount": 12,
        "type": "git",
        "url": "https://git.ins.jku.at/proj/digidow/nixos-attest.git"
      },
      "original": {
        "type": "git",
        "url": "https://git.ins.jku.at/proj/digidow/nixos-attest.git"
      }
    },
    "nixos-hardware": {
      "locked": {
        "lastModified": 1650522846,
        "narHash": "sha256-SxWHXRI3qJwswyXAtzsi6PKVY3KLNNnb072KaJthII8=",
        "owner": "NixOS",
        "repo": "nixos-hardware",
        "rev": "6b4ebea9093c997c5f275c820e679108de4871ab",
        "type": "github"
      },
      "original": {
        "owner": "NixOS",
        "ref": "master",
        "repo": "nixos-hardware",
        "type": "github"
      }
    },
    "nixpkgs": {
      "locked": {
        "lastModified": 1648219316,
        "narHash": "sha256-Ctij+dOi0ZZIfX5eMhgwugfvB+WZSrvVNAyAuANOsnQ=",
        "owner": "NixOS",
        "repo": "nixpkgs",
        "rev": "30d3d79b7d3607d56546dd2a6b49e156ba0ec634",
        "type": "github"
      },
      "original": {
        "owner": "NixOS",
        "ref": "nixpkgs-unstable",
        "repo": "nixpkgs",
        "type": "github"
      }
    },
    "nixpkgsUnstable": {
      "locked": {
        "lastModified": 1638376152,
        "narHash": "sha256-ucgLpVqhFnClH7YRUHBHnmiOd82RZdFR3XJt36ks5fE=",
        "owner": "NixOS",
        "repo": "nixpkgs",
        "rev": "6daa4a5c045d40e6eae60a3b6e427e8700f1c07f",
        "type": "github"
      },
      "original": {
        "owner": "NixOS",
        "ref": "nixos-unstable",
        "repo": "nixpkgs",
        "type": "github"
      }
    },
    "nixpkgs_2": {
      "locked": {
        "lastModified": 1652231724,
        "narHash": "sha256-MjalcXFZgcgchp4QqnF05JTkFBBGad5hbksA1EKoP98=",
        "owner": "NixOS",
        "repo": "nixpkgs",
        "rev": "41ff747f882914c1f8c233207ce280ac9d0c867f",
        "type": "github"
      },
      "original": {
        "owner": "NixOS",
        "ref": "nixos-unstable",
        "repo": "nixpkgs",
        "type": "github"
      }
    },
    "nixpkgs_3": {
      "locked": {
        "lastModified": 1637841632,
        "narHash": "sha256-QYqiKHdda0EOnLGQCHE+GluD/Lq2EJj4hVTooPM55Ic=",
        "owner": "NixOS",
        "repo": "nixpkgs",
        "rev": "73369f8d0864854d1acfa7f1e6217f7d6b6e3fa1",
        "type": "github"
      },
      "original": {
        "owner": "NixOS",
        "ref": "nixos-unstable",
        "repo": "nixpkgs",
        "type": "github"
      }
    },
    "nixpkgs_4": {
      "locked": {
        "lastModified": 1638371214,
        "narHash": "sha256-0kE6KhgH7n0vyuX4aUoGsGIQOqjIx2fJavpCWtn73rc=",
        "owner": "NixOS",
        "repo": "nixpkgs",
        "rev": "a640d8394f34714578f3e6335fc767d0755d78f9",
        "type": "github"
      },
      "original": {
        "owner": "NixOS",
        "ref": "nixos-21.11",
        "repo": "nixpkgs",
        "type": "github"
      }
    },
    "robotnix": {
      "inputs": {
        "androidPkgs": "androidPkgs",
        "nixpkgs": "nixpkgs_4",
        "nixpkgsUnstable": "nixpkgsUnstable"
      },
      "locked": {
        "lastModified": 1650338467,
        "narHash": "sha256-rpRB1WbmIRFDdUKYQGzWnNzwi/5BNQEp718M0on+GSw=",
        "owner": "danielfullmer",
        "repo": "robotnix",
        "rev": "1075210d1e32e075958cf5e760150ed8ce000cd7",
        "type": "github"
      },
      "original": {
        "owner": "danielfullmer",
        "repo": "robotnix",
        "type": "github"
      }
    },
    "root": {
      "inputs": {
        "deploy-rs": "deploy-rs",
        "home-manager": "home-manager",
        "nixos-attest": "nixos-attest",
        "nixos-hardware": "nixos-hardware",
        "nixpkgs": "nixpkgs_2",
        "robotnix": "robotnix",
        "semi-secrets": "semi-secrets"
      }
    },
    "semi-secrets": {
      "locked": {
        "lastModified": 1653234539,
        "narHash": "sha256-2UT0AAn/mp1DZLp+H8cIZF0j2WSzA3AsPQZOSs6OyDs=",
        "ref": "main",
        "rev": "e8313f5b62f2ef5fd82bdd6b824fa7da6e4f6c7b",
        "revCount": 6,
        "type": "git",
        "url": "ssh://git@github.com/mschwaig/semi-secrets.git"
      },
      "original": {
        "ref": "main",
        "type": "git",
        "url": "ssh://git@github.com/mschwaig/semi-secrets.git"
      }
    },
    "utils": {
      "locked": {
        "lastModified": 1648297722,
        "narHash": "sha256-W+qlPsiZd8F3XkzXOzAoR+mpFqzm3ekQkJNa+PIh1BQ=",
        "owner": "numtide",
        "repo": "flake-utils",
        "rev": "0f8662f1319ad6abf89b3380dd2722369fc51ade",
        "type": "github"
      },
      "original": {
        "owner": "numtide",
        "repo": "flake-utils",
        "type": "github"
      }
    }
  },
  "root": "root",
  "version": 7
}
