{
  "nodes": {
    "nixos-attest": {
      "inputs": {
        "nixpkgs": [
          "nixpkgs"
        ]
      },
      "locked": {
        "narHash": "sha256-msdDCfHRXWHe1+PzM91OjUzJcb7FIgzqe8mefB6wyQ8=",
        "path": "/home/mschwaig/flakes/nixos-attest",
        "type": "path"
      },
      "original": {
        "path": "/home/mschwaig/flakes/nixos-attest",
        "type": "path"
      }
    },
    "nixpkgs": {
      "locked": {
        "lastModified": 1614792312,
        "narHash": "sha256-LSUtjvYOxcSP1ewymGYp4AawiWDISKZHuCTxsaXir4k=",
        "owner": "NixOS",
        "repo": "nixpkgs",
        "rev": "a2b0ea6865b2346ceb015259c76e111dcca039c5",
        "type": "github"
      },
      "original": {
        "owner": "NixOS",
        "ref": "nixpkgs-unstable",
        "repo": "nixpkgs",
        "type": "github"
      }
    },
    "root": {
      "inputs": {
        "nixos-attest": "nixos-attest",
        "nixpkgs": "nixpkgs"
      }
    }
  },
  "root": "root",
  "version": 7
}
